{
  "name": "teknisi-komputer-blog",
  "version": "1.0.0",
  "lockfileVersion": 3,
  "requires": true,
  "packages": {
    "": {
      "name": "teknisi-komputer-blog",
      "version": "1.0.0"
    },
    "backend": {
      "version": "1.0.0",
      "extraneous": true,
      "dependencies": {
        "encore.dev": "^1.48.8"
      },
      "devDependencies": {
        "typescript": "^5.8.3"
      }
    },
    "frontend": {
      "version": "1.0.0",
      "extraneous": true,
      "dependencies": {
        "@tanstack/react-query": "^4.29.0",
        "lucide-react": "^0.263.1",
        "react": "^18.2.0",
        "react-dom": "^18.2.0",
        "react-error-boundary": "^4.0.11",
        "react-router-dom": "^6.8.1"
      },
      "devDependencies": {
        "@tailwindcss/vite": "^4.0.0",
        "@types/react": "^18.0.27",
        "@types/react-dom": "^18.0.10",
        "@vitejs/plugin-react": "^4.0.0",
        "tailwindcss": "^3.3.0",
        "typescript": "^5.0.0",
        "vite": "^5.2.0"
      }
    }
  }
}
